PODS:
  - AFNetworking (2.6.3):
    - AFNetworking/NSURLConnection (= 2.6.3)
    - AFNetworking/NSURLSession (= 2.6.3)
    - AFNetworking/Reachability (= 2.6.3)
    - AFNetworking/Security (= 2.6.3)
    - AFNetworking/Serialization (= 2.6.3)
    - AFNetworking/UIKit (= 2.6.3)
  - AFNetworking/NSURLConnection (2.6.3):
    - AFNetworking/Reachability
    - AFNetworking/Security
    - AFNetworking/Serialization
  - AFNetworking/NSURLSession (2.6.3):
    - AFNetworking/Reachability
    - AFNetworking/Security
    - AFNetworking/Serialization
  - AFNetworking/Reachability (2.6.3)
  - AFNetworking/Security (2.6.3)
  - AFNetworking/Serialization (2.6.3)
  - AFNetworking/UIKit (2.6.3):
    - AFNetworking/NSURLConnection
    - AFNetworking/NSURLSession
  - APAddressBook (0.1.12):
    - APAddressBook/Core (= 0.1.12)
  - APAddressBook/Core (0.1.12)
  - Base64 (1.0.1)
  - Bolts (1.5.0):
    - Bolts/AppLinks (= 1.5.0)
    - Bolts/Tasks (= 1.5.0)
  - Bolts/AppLinks (1.5.0):
    - Bolts/Tasks
  - Bolts/Tasks (1.5.0)
  - Crashlytics (3.3.4)
  - DeviceMotion (0.1.0)
  - EasyMailSender (0.0.2)
  - Fabric (1.5.5):
    - Fabric/Base (= 1.5.5)
  - Fabric/Base (1.5.5)
  - FBSDKCoreKit (4.8.0):
    - Bolts (~> 1.1)
    - FBSDKCoreKit/arc (= 4.8.0)
    - FBSDKCoreKit/no-arc (= 4.8.0)
  - FBSDKCoreKit/arc (4.8.0):
    - Bolts (~> 1.1)
  - FBSDKCoreKit/no-arc (4.8.0):
    - Bolts (~> 1.1)
    - FBSDKCoreKit/arc
  - FBSDKLoginKit (4.8.0):
    - FBSDKCoreKit
  - GData (1.12.0):
    - GData/Core (= 1.12.0)
    - GData/XMLNode (= 1.12.0)
    - gtm-oauth2
  - GData/Core (1.12.0):
    - gtm-oauth2
  - GData/XMLNode (1.12.0):
    - gtm-oauth2
  - GGLInstanceID (1.1.4):
    - GoogleNetworkingUtilities (~> 1.0)
    - GoogleSymbolUtilities (~> 1.0)
    - GoogleUtilities (~> 1.0)
  - Google/CloudMessaging (1.3.2):
    - GGLInstanceID (~> 1.0)
    - Google/Core
    - GoogleCloudMessaging (~> 1.0)
  - Google/Core (1.3.2):
    - GoogleInterchangeUtilities (~> 1.0)
    - GoogleNetworkingUtilities (~> 1.0)
    - GoogleSymbolUtilities (~> 1.0)
    - GoogleUtilities (~> 1.1)
  - Google/SignIn (1.3.2):
    - Google/Core
    - GoogleSignIn (~> 2.0)
  - GoogleAppUtilities (1.0.0):
    - GoogleSymbolUtilities (~> 1.0)
  - GoogleAuthUtilities (1.0.1):
    - GoogleNetworkingUtilities (~> 1.0)
    - GoogleSymbolUtilities (~> 1.0)
  - GoogleCloudMessaging (1.1.2):
    - GoogleInterchangeUtilities (~> 1.0)
    - GoogleIPhoneUtilities (~> 1.0)
    - GoogleNetworkingUtilities (~> 1.0)
    - GoogleSymbolUtilities (~> 1.0)
    - GoogleUtilities (~> 1.0)
  - GoogleInterchangeUtilities (1.1.0):
    - GoogleSymbolUtilities (~> 1.0)
  - GoogleIPhoneUtilities (1.1.0):
    - GoogleSymbolUtilities (~> 1.0)
    - GoogleUtilities (~> 1.0)
  - GoogleNetworkingUtilities (1.0.0):
    - GoogleSymbolUtilities (~> 1.0)
  - GoogleSignIn (2.4.0):
    - GoogleAppUtilities (~> 1.0)
    - GoogleAuthUtilities (~> 1.0)
    - GoogleNetworkingUtilities (~> 1.0)
    - GoogleUtilities (~> 1.0)
  - GoogleSymbolUtilities (1.0.3)
  - GoogleUtilities (1.1.0):
    - GoogleSymbolUtilities (~> 1.0.0)
  - gtm-http-fetcher (1.0.141)
  - gtm-oauth2 (1.0.126):
    - gtm-http-fetcher (~> 1.0.141)
  - JPAttributedString (0.1.7)
  - MBProgressHUD (0.9.2)
  - OpenSans (1.0.3)
  - REMenu (1.10)
  - RESideMenu (4.0.7)
  - tolo (1.0.0)
  - UIView+Shake (1.1.3)

DEPENDENCIES:
  - AFNetworking (~> 2.0)
  - APAddressBook (= 0.1.12)
  - Base64
  - Crashlytics (~> 3.3.1)
  - DeviceMotion
  - EasyMailSender
  - Fabric (~> 1.5.1)
  - FBSDKCoreKit
  - FBSDKLoginKit
  - GData (from `GData.podspec.json`)
  - Google/CloudMessaging
  - Google/SignIn
  - JPAttributedString
  - MBProgressHUD (~> 0.9.1)
  - OpenSans
  - REMenu (~> 1.10)
  - RESideMenu (~> 4.0.7)
  - tolo
  - UIView+Shake

EXTERNAL SOURCES:
  GData:
    :podspec: GData.podspec.json

CHECKOUT OPTIONS:
  GData:
    :revision: '143'
    :svn: http://gdata-objectivec-client.googlecode.com/svn/trunk

SPEC CHECKSUMS:
  AFNetworking: cb8d14a848e831097108418f5d49217339d4eb60
  APAddressBook: b4b07d46e55f016889cc5a6e729e5d4a50f9ecea
  Base64: 4924bf3ca6fa559a5161ef717291bd450eb7bd1a
  Bolts: 722ab9a4f8b50fc4ed1b9998a5a7a2b3f16d80b4
  Crashlytics: 41c082440d2e14da444186fff65e79c0b4b35d4c
  DeviceMotion: f3a14766e1ac1602590b17ed25be2e645e2f9a4f
  EasyMailSender: 2699e554968dd4f2fb6cb9679dd6cb4bd90cfae3
  Fabric: 190bf1a6eb65f7500de1347d027d2e59a7e53db1
  FBSDKCoreKit: 66a935d17b6e00b6b64e604f2eb9b72c9ab7deb8
  FBSDKLoginKit: d893fcbb98d854496925e9ff73c67b896982d3c4
  GData: 1bc4ad973458d611ff0c9c56815c172f2c97d495
  GGLInstanceID: 7a038b743bc8d14eac5819801ee103e8dc77161c
  Google: 97618e118111b998cce1d8dd1bd98b82301d72db
  GoogleAppUtilities: c01c6a5671e9da8b9d690fdaec5959d6c2aac699
  GoogleAuthUtilities: 049ffd3a297cdffd271451b82fd4e75304f15ef3
  GoogleCloudMessaging: faa057e30845e7300da31de3777060420b2f6579
  GoogleInterchangeUtilities: d7f7174176fbcf9710f696f1acebad4dbd98ac03
  GoogleIPhoneUtilities: 4bded60bf1f7eaf9f92b7c055b9eb5d44d6df350
  GoogleNetworkingUtilities: 292992ab31b7b4ba32809a0e8b40e324cdfb2c0c
  GoogleSignIn: 79929b51e6299c69f1197bbd9c7a1367d523ecd8
  GoogleSymbolUtilities: 82ad9f93d3615244b3f4ce440f5ab2515e8b4f56
  GoogleUtilities: 8ed9134debe11719097881711464752900668f10
  gtm-http-fetcher: 6d4617e7d343b6e4c082b777541c334eb6f5d81e
  gtm-oauth2: 2a18b824e4f8a02df6cfe987beb59ae9d9697f9d
  JPAttributedString: a0868a1e07e76751cef78985f4e3dfa51f1c1334
  MBProgressHUD: 1569cf7ace17a8bac47aabfbb8580a49690386d1
  OpenSans: 33078846463eae780aa5f82986b51cce085f970d
  REMenu: 30dad195930adf6c5eeb8041e3257aa60bf9fa49
  RESideMenu: f24c508404b49c667344c54aba7e590883533958
  tolo: 906f6fe2943451e7354c694ce968d76ea344c01d
  UIView+Shake: a7ea3fd810a64297cb56b7cbdbd2b0fd5f964a6e

COCOAPODS: 0.39.0
